# This file is automatically @generated by Cargo.
# It is not intended for manual editing.
version = 4

[[package]]
name = "af_inet"
version = "0.4.0"
dependencies = [
 "kernel_types",
 "libc",
]

[[package]]
name = "af_inet6"
version = "0.4.0"
dependencies = [
 "kernel_types",
 "libc",
]

[[package]]
name = "anycast"
version = "0.4.0"
dependencies = [
 "kernel_types",
 "libc",
]

[[package]]
name = "arp"
version = "0.4.0"
dependencies = [
 "kernel_types",
 "libc",
]

[[package]]
name = "bpf_tcp_ca"
version = "0.4.0"
dependencies = [
 "kernel_types",
 "libc",
]

[[package]]
name = "calipso"
version = "0.4.0"
dependencies = [
 "kernel_types",
 "libc",
]

[[package]]
name = "cipso_ipv4"
version = "0.4.0"
dependencies = [
 "kernel_types",
 "libc",
]

[[package]]
name = "core"
version = "0.4.0"
dependencies = [
 "kernel_types",
 "libc",
]

[[package]]
name = "datagram"
version = "0.4.0"
dependencies = [
 "kernel_types",
 "libc",
]

[[package]]
name = "devinet"
version = "0.4.0"
dependencies = [
 "kernel_types",
 "libc",
]

[[package]]
name = "esp4"
version = "0.4.0"
dependencies = [
 "kernel_types",
 "libc",
]

[[package]]
name = "esp4_offload"
version = "0.4.0"
dependencies = [
 "kernel_types",
 "libc",
]

[[package]]
name = "esp6"
version = "0.4.0"
dependencies = [
 "kernel_types",
 "libc",
]

[[package]]
name = "esp6_offload"
version = "0.4.0"
dependencies = [
 "kernel_types",
 "libc",
]

[[package]]
name = "exthdrs"
version = "0.4.0"
dependencies = [
 "kernel_types",
 "libc",
]

[[package]]
name = "exthdrs_core"
version = "0.4.0"
dependencies = [
 "kernel_types",
 "libc",
]

[[package]]
name = "exthdrs_offload"
version = "0.4.0"
dependencies = [
 "kernel_types",
 "libc",
]

[[package]]
name = "fib6_notifier"
version = "0.4.0"
dependencies = [
 "kernel_types",
 "libc",
]

[[package]]
name = "fib6_rules"
version = "0.4.0"
dependencies = [
 "kernel_types",
 "libc",
]

[[package]]
name = "fib_frontend"
version = "0.4.0"
dependencies = [
 "kernel_types",
 "libc",
]

[[package]]
name = "fib_notifier"
version = "0.4.0"
dependencies = [
 "kernel_types",
 "libc",
]

[[package]]
name = "fib_rules"
version = "0.4.0"
dependencies = [
 "kernel_types",
 "libc",
]

[[package]]
name = "fib_semantics"
version = "0.4.0"
dependencies = [
 "kernel_types",
 "libc",
]

[[package]]
name = "fib_trie"
version = "0.4.0"
dependencies = [
 "kernel_types",
 "libc",
]

[[package]]
name = "fou"
version = "0.4.0"
dependencies = [
 "kernel_types",
 "libc",
]

[[package]]
name = "fou6"
version = "0.4.0"
dependencies = [
 "kernel_types",
 "libc",
]

[[package]]
name = "gre_demux"
version = "0.4.0"
dependencies = [
 "kernel_types",
 "libc",
]

[[package]]
name = "gre_offload"
version = "0.4.0"
dependencies = [
 "kernel_types",
 "libc",
]

[[package]]
name = "icmp"
version = "0.4.0"
dependencies = [
 "kernel_types",
 "libc",
]

[[package]]
name = "igmp"
version = "0.4.0"
dependencies = [
 "kernel_types",
 "libc",
]

[[package]]
name = "inet6_connection_sock"
version = "0.4.0"
dependencies = [
 "kernel_types",
 "libc",
]

[[package]]
name = "inet6_hashtables"
version = "0.4.0"
dependencies = [
 "kernel_types",
 "libc",
]

[[package]]
name = "inet_connection_sock"
version = "0.4.0"
dependencies = [
 "kernel_types",
 "libc",
]

[[package]]
name = "ip6_checksum"
version = "0.4.0"
dependencies = [
 "kernel_types",
 "libc",
]

[[package]]
name = "ip6_fib"
version = "0.4.0"
dependencies = [
 "kernel_types",
 "libc",
]

[[package]]
name = "ip6_flowlabel"
version = "0.4.0"
dependencies = [
 "kernel_types",
 "libc",
]

[[package]]
name = "ip6_gre"
version = "0.4.0"
dependencies = [
 "kernel_types",
 "libc",
]

[[package]]
name = "ip6_icmp"
version = "0.4.0"
dependencies = [
 "kernel_types",
 "libc",
]

[[package]]
name = "ip6_input"
version = "0.4.0"
dependencies = [
 "kernel_types",
 "libc",
]

[[package]]
name = "ip6_offload"
version = "0.4.0"
dependencies = [
 "kernel_types",
 "libc",
]

[[package]]
name = "ip6_output"
version = "0.4.0"
dependencies = [
 "kernel_types",
 "libc",
]

[[package]]
name = "ip6_tunnel"
version = "0.4.0"
dependencies = [
 "kernel_types",
 "libc",
]

[[package]]
name = "ip6_udp_tunnel"
version = "0.4.0"
dependencies = [
 "kernel_types",
 "libc",
]

[[package]]
name = "ip6_vti"
version = "0.4.0"
dependencies = [
 "kernel_types",
 "libc",
]

[[package]]
name = "ip6mr"
version = "0.4.0"
dependencies = [
 "kernel_types",
 "libc",
]

[[package]]
name = "ipcomp6"
version = "0.4.0"
dependencies = [
 "kernel_types",
 "libc",
]

[[package]]
name = "ipv6_sockglue"
version = "0.4.0"
dependencies = [
 "kernel_types",
 "libc",
]

[[package]]
name = "kernel_types"
version = "0.1.0"

[[package]]
name = "libc"
version = "0.2.186"
source = "registry+https://github.com/rust-lang/crates.io-index"
checksum = "68ab91017fe16c622486840e4c83c9a37afeff978bd239b5293d61ece587de66"

[[package]]
name = "mcast"
version = "0.4.0"
dependencies = [
 "kernel_types",
 "libc",
]

[[package]]
name = "mcast_snoop"
version = "0.4.0"
dependencies = [
 "kernel_types",
 "libc",
]

[[package]]
name = "micro_kernel_demo"
version = "0.1.0"
dependencies = [
 "kernel_types",
]

[[package]]
name = "mip6"
version = "0.4.0"
dependencies = [
 "kernel_types",
 "libc",
]

[[package]]
name = "ndisc"
version = "0.4.0"
dependencies = [
 "kernel_types",
 "libc",
]

[[package]]
name = "netfilter"
version = "0.4.0"
dependencies = [
 "kernel_types",
 "libc",
]

[[package]]
name = "nf_conncount"
version = "0.4.0"
dependencies = [
 "kernel_types",
 "libc",
]

[[package]]
name = "nf_conntrack_acct"
version = "0.4.0"
dependencies = [
 "kernel_types",
 "libc",
]

[[package]]
name = "nf_conntrack_amanda"
version = "0.4.0"
dependencies = [
 "kernel_types",
 "libc",
]

[[package]]
name = "nf_conntrack_broadcast"
version = "0.4.0"
dependencies = [
 "kernel_types",
 "libc",
]

[[package]]
name = "nf_conntrack_core"
version = "0.4.0"
dependencies = [
 "kernel_types",
 "libc",
]

[[package]]
name = "nf_conntrack_ecache"
version = "0.4.0"
dependencies = [
 "kernel_types",
 "libc",
]

[[package]]
name = "nf_conntrack_expect"
version = "0.4.0"
dependencies = [
 "kernel_types",
 "libc",
]

[[package]]
name = "nf_conntrack_extend"
version = "0.4.0"
dependencies = [
 "kernel_types",
 "libc",
]

[[package]]
name = "nf_conntrack_ftp"
version = "0.4.0"
dependencies = [
 "kernel_types",
 "libc",
]

[[package]]
name = "nf_conntrack_h323_asn1"
version = "0.4.0"
dependencies = [
 "kernel_types",
 "libc",
]

[[package]]
name = "nf_conntrack_h323_main"
version = "0.4.0"
dependencies = [
 "kernel_types",
 "libc",
]

[[package]]
name = "nf_conntrack_helper"
version = "0.4.0"
dependencies = [
 "kernel_types",
 "libc",
]

[[package]]
name = "nf_conntrack_irc"
version = "0.4.0"
dependencies = [
 "kernel_types",
 "libc",
]

[[package]]
name = "nf_conntrack_netbios_ns"
version = "0.4.0"
dependencies = [
 "kernel_types",
 "libc",
]

[[package]]
name = "nf_conntrack_netlink"
version = "0.4.0"
dependencies = [
 "kernel_types",
 "libc",
]

[[package]]
name = "nf_conntrack_pptp"
version = "0.4.0"
dependencies = [
 "kernel_types",
 "libc",
]

[[package]]
name = "nf_conntrack_proto"
version = "0.4.0"
dependencies = [
 "kernel_types",
 "libc",
]

[[package]]
name = "nf_conntrack_proto_dccp"
version = "0.4.0"
dependencies = [
 "kernel_types",
 "libc",
]

[[package]]
name = "nf_conntrack_proto_generic"
version = "0.4.0"
dependencies = [
 "kernel_types",
 "libc",
]

[[package]]
name = "nf_conntrack_proto_gre"
version = "0.4.0"
dependencies = [
 "kernel_types",
 "libc",
]

[[package]]
name = "nf_conntrack_proto_icmp"
version = "0.4.0"
dependencies = [
 "kernel_types",
 "libc",
]

[[package]]
name = "nf_conntrack_proto_icmpv6"
version = "0.4.0"
dependencies = [
 "kernel_types",
 "libc",
]

[[package]]
name = "nf_conntrack_proto_sctp"
version = "0.4.0"
dependencies = [
 "kernel_types",
 "libc",
]

[[package]]
name = "nf_conntrack_proto_tcp"
version = "0.4.0"
dependencies = [
 "kernel_types",
 "libc",
]

[[package]]
name = "nf_conntrack_proto_udp"
version = "0.4.0"
dependencies = [
 "kernel_types",
 "libc",
]

[[package]]
name = "nf_conntrack_sane"
version = "0.4.0"
dependencies = [
 "kernel_types",
 "libc",
]

[[package]]
name = "nf_conntrack_seqadj"
version = "0.4.0"
dependencies = [
 "kernel_types",
 "libc",
]

[[package]]
name = "nf_conntrack_sip"
version = "0.4.0"
dependencies = [
 "kernel_types",
 "libc",
]

[[package]]
name = "nf_conntrack_snmp"
version = "0.4.0"
dependencies = [
 "kernel_types",
 "libc",
]

[[package]]
name = "nf_conntrack_standalone"
version = "0.4.0"
dependencies = [
 "kernel_types",
 "libc",
]

[[package]]
name = "nf_conntrack_tftp"
version = "0.4.0"
dependencies = [
 "kernel_types",
 "libc",
]

[[package]]
name = "nf_conntrack_timeout"
version = "0.4.0"
dependencies = [
 "kernel_types",
 "libc",
]

[[package]]
name = "nf_conntrack_timestamp"
version = "0.4.0"
dependencies = [
 "kernel_types",
 "libc",
]

[[package]]
name = "nf_dup_netdev"
version = "0.4.0"
dependencies = [
 "kernel_types",
 "libc",
]

[[package]]
name = "nf_flow_table_inet"
version = "0.4.0"
dependencies = [
 "kernel_types",
 "libc",
]

[[package]]
name = "nf_log"
version = "0.4.0"
dependencies = [
 "kernel_types",
 "libc",
]

[[package]]
name = "nf_log_syslog"
version = "0.4.0"
dependencies = [
 "kernel_types",
 "libc",
]

[[package]]
name = "nf_nat_amanda"
version = "0.4.0"
dependencies = [
 "kernel_types",
 "libc",
]

[[package]]
name = "nf_nat_core"
version = "0.4.0"
dependencies = [
 "kernel_types",
 "libc",
]

[[package]]
name = "nf_nat_ftp"
version = "0.4.0"
dependencies = [
 "kernel_types",
 "libc",
]

[[package]]
name = "nf_nat_helper"
version = "0.4.0"
dependencies = [
 "kernel_types",
 "libc",
]

[[package]]
name = "nf_nat_irc"
version = "0.4.0"
dependencies = [
 "kernel_types",
 "libc",
]

[[package]]
name = "nf_nat_masquerade"
version = "0.4.0"
dependencies = [
 "kernel_types",
 "libc",
]

[[package]]
name = "nf_nat_proto"
version = "0.4.0"
dependencies = [
 "kernel_types",
 "libc",
]

[[package]]
name = "output_core"
version = "0.4.0"
dependencies = [
 "kernel_types",
 "libc",
]

[[package]]
name = "ping"
version = "0.4.0"
dependencies = [
 "kernel_types",
 "libc",
]

[[package]]
name = "raw"
version = "0.4.0"
dependencies = [
 "kernel_types",
 "libc",
]

[[package]]
name = "reassembly"
version = "0.4.0"
dependencies = [
 "kernel_types",
 "libc",
]

[[package]]
name = "route"
version = "0.4.0"
dependencies = [
 "kernel_types",
 "libc",
]

[[package]]
name = "rpl"
version = "0.4.0"
dependencies = [
 "kernel_types",
 "libc",
]

[[package]]
name = "seg6"
version = "0.4.0"
dependencies = [
 "kernel_types",
 "libc",
]

[[package]]
name = "seg6_hmac"
version = "0.4.0"
dependencies = [
 "kernel_types",
 "libc",
]

[[package]]
name = "seg6_iptunnel"
version = "0.4.0"
dependencies = [
 "kernel_types",
 "libc",
]

[[package]]
name = "seg6_local"
version = "0.4.0"
dependencies = [
 "kernel_types",
 "libc",
]

[[package]]
name = "sit"
version = "0.4.0"
dependencies = [
 "kernel_types",
 "libc",
]

[[package]]
name = "syncookies"
version = "0.4.0"
dependencies = [
 "kernel_types",
 "libc",
]

[[package]]
name = "sysctl_net_ipv6"
version = "0.4.0"
dependencies = [
 "kernel_types",
 "libc",
]

[[package]]
name = "tcp_ipv6"
version = "0.4.0"
dependencies = [
 "kernel_types",
 "libc",
]

[[package]]
name = "tcpv6_offload"
version = "0.4.0"
dependencies = [
 "kernel_types",
 "libc",
]

[[package]]
name = "tunnel6"
version = "0.4.0"
dependencies = [
 "kernel_types",
 "libc",
]

[[package]]
name = "udp"
version = "0.4.0"
dependencies = [
 "kernel_types",
 "libc",
]

[[package]]
name = "udp_offload"
version = "0.4.0"
dependencies = [
 "kernel_types",
 "libc",
]

[[package]]
name = "udplite"
version = "0.4.0"
dependencies = [
 "kernel_types",
 "libc",
]

[[package]]
name = "xfrm6_input"
version = "0.4.0"
dependencies = [
 "kernel_types",
 "libc",
]

[[package]]
name = "xfrm6_output"
version = "0.4.0"
dependencies = [
 "kernel_types",
 "libc",
]

[[package]]
name = "xfrm6_policy"
version = "0.4.0"
dependencies = [
 "kernel_types",
 "libc",
]

[[package]]
name = "xfrm6_protocol"
version = "0.4.0"
dependencies = [
 "kernel_types",
 "libc",
]

[[package]]
name = "xfrm6_state"
version = "0.4.0"
dependencies = [
 "kernel_types",
 "libc",
]

[[package]]
name = "xfrm6_tunnel"
version = "0.4.0"
dependencies = [
 "kernel_types",
 "libc",
]
